Microsoft Visual Studio Solution File, Format Version 12.00
# Visual Studio Version 17
VisualStudioVersion = 17.5.2.0
MinimumVisualStudioVersion = 10.0.40219.1
Project("{FAE04EC0-301F-11D3-BF4B-00C04F79EFBC}") = "ModelContextProtocol", "ModelContextProtocol\ModelContextProtocol.csproj", "{78FE5356-71D2-5BC4-B3CF-638B34CC51D4}"
EndProject
Project("{FAE04EC0-301F-11D3-BF4B-00C04F79EFBC}") = "ModelContextProtocol.Analyzers", "ModelContextProtocol.Analyzers\ModelContextProtocol.Analyzers.csproj", "{41B4E25B-AE47-F10D-6837-58393596BB5F}"
EndProject
Project("{FAE04EC0-301F-11D3-BF4B-00C04F79EFBC}") = "ModelContextProtocol.AspNetCore", "ModelContextProtocol.AspNetCore\ModelContextProtocol.AspNetCore.csproj", "{E968E833-E2FD-0084-0457-67EFA72AE86B}"
EndProject
Project("{FAE04EC0-301F-11D3-BF4B-00C04F79EFBC}") = "ModelContextProtocol.Core", "ModelContextProtocol.Core\ModelContextProtocol.Core.csproj", "{F9A93599-90B5-8148-E381-E3BD819BA0DC}"
EndProject
Global
	GlobalSection(SolutionConfigurationPlatforms) = preSolution
		Debug|Any CPU = Debug|Any CPU
		Release|Any CPU = Release|Any CPU
	EndGlobalSection
	GlobalSection(ProjectConfigurationPlatforms) = postSolution
		{78FE5356-71D2-5BC4-B3CF-638B34CC51D4}.Debug|Any CPU.ActiveCfg = Debug|Any CPU
		{78FE5356-71D2-5BC4-B3CF-638B34CC51D4}.Debug|Any CPU.Build.0 = Debug|Any CPU
		{78FE5356-71D2-5BC4-B3CF-638B34CC51D4}.Release|Any CPU.ActiveCfg = Release|Any CPU
		{78FE5356-71D2-5BC4-B3CF-638B34CC51D4}.Release|Any CPU.Build.0 = Release|Any CPU
		{41B4E25B-AE47-F10D-6837-58393596BB5F}.Debug|Any CPU.ActiveCfg = Debug|Any CPU
		{41B4E25B-AE47-F10D-6837-58393596BB5F}.Debug|Any CPU.Build.0 = Debug|Any CPU
		{41B4E25B-AE47-F10D-6837-58393596BB5F}.Release|Any CPU.ActiveCfg = Release|Any CPU
		{41B4E25B-AE47-F10D-6837-58393596BB5F}.Release|Any CPU.Build.0 = Release|Any CPU
		{E968E833-E2FD-0084-0457-67EFA72AE86B}.Debug|Any CPU.ActiveCfg = Debug|Any CPU
		{E968E833-E2FD-0084-0457-67EFA72AE86B}.Debug|Any CPU.Build.0 = Debug|Any CPU
		{E968E833-E2FD-0084-0457-67EFA72AE86B}.Release|Any CPU.ActiveCfg = Release|Any CPU
		{E968E833-E2FD-0084-0457-67EFA72AE86B}.Release|Any CPU.Build.0 = Release|Any CPU
		{F9A93599-90B5-8148-E381-E3BD819BA0DC}.Debug|Any CPU.ActiveCfg = Debug|Any CPU
		{F9A93599-90B5-8148-E381-E3BD819BA0DC}.Debug|Any CPU.Build.0 = Debug|Any CPU
		{F9A93599-90B5-8148-E381-E3BD819BA0DC}.Release|Any CPU.ActiveCfg = Release|Any CPU
		{F9A93599-90B5-8148-E381-E3BD819BA0DC}.Release|Any CPU.Build.0 = Release|Any CPU
	EndGlobalSection
	GlobalSection(SolutionProperties) = preSolution
		HideSolutionNode = FALSE
	EndGlobalSection
	GlobalSection(ExtensibilityGlobals) = postSolution
		SolutionGuid = {EC1E0EDF-6695-4BA0-86B4-352E23F70EBF}
	EndGlobalSection
EndGlobal
